
Microsoft Visual Studio Solution File, Format Version 12.00
# Visual Studio Version 16
VisualStudioVersion = 16.0.30907.101
MinimumVisualStudioVersion = 10.0.40219.1
Project("{FAE04EC0-301F-11D3-BF4B-00C04F79EFBC}") = "test_github", "test_github\test_github.csproj", "{E320290F-42AD-4FA4-8A45-B0A7E984C5B2}"
EndProject
Project("{2150E333-8FDC-42A3-9474-1A3956D46DE8}") = ".github", ".github", "{28C1AC69-8E2D-427F-B743-811D51748529}"
EndProject
Project("{2150E333-8FDC-42A3-9474-1A3956D46DE8}") = "workflows", "workflows", "{83C02D36-8DEC-4075-818D-93A319041B2A}"
	ProjectSection(SolutionItems) = preProject
		.github\workflows\dotnetcore.yml = .github\workflows\dotnetcore.yml
	EndProjectSection
EndProject
Global
	GlobalSection(SolutionConfigurationPlatforms) = preSolution
		Debug|Any CPU = Debug|Any CPU
		Release|Any CPU = Release|Any CPU
	EndGlobalSection
	GlobalSection(ProjectConfigurationPlatforms) = postSolution
		{E320290F-42AD-4FA4-8A45-B0A7E984C5B2}.Debug|Any CPU.ActiveCfg = Debug|Any CPU
		{E320290F-42AD-4FA4-8A45-B0A7E984C5B2}.Debug|Any CPU.Build.0 = Debug|Any CPU
		{E320290F-42AD-4FA4-8A45-B0A7E984C5B2}.Release|Any CPU.ActiveCfg = Release|Any CPU
		{E320290F-42AD-4FA4-8A45-B0A7E984C5B2}.Release|Any CPU.Build.0 = Release|Any CPU
	EndGlobalSection
	GlobalSection(SolutionProperties) = preSolution
		HideSolutionNode = FALSE
	EndGlobalSection
	GlobalSection(NestedProjects) = preSolution
		{83C02D36-8DEC-4075-818D-93A319041B2A} = {28C1AC69-8E2D-427F-B743-811D51748529}
	EndGlobalSection
	GlobalSection(ExtensibilityGlobals) = postSolution
		SolutionGuid = {A3727586-A660-4FA3-ACDA-0922FEE0AF81}
	EndGlobalSection
EndGlobal
